// !$*UTF8*$!
{
	archiveVersion = 1;
	classes = {
	};
	objectVersion = 46;
	objects = {

/* Begin PBXBuildFile section */
		7E996DEF1D5C5363002A1875 /* main.m in Sources */ = {isa = PBXBuildFile; fileRef = 7E996DEE1D5C5363002A1875 /* main.m */; };
		7E996DF21D5C5363002A1875 /* AppDelegate.m in Sources */ = {isa = PBXBuildFile; fileRef = 7E996DF11D5C5363002A1875 /* AppDelegate.m */; };
		7E996DF51D5C5363002A1875 /* ViewController.m in Sources */ = {isa = PBXBuildFile; fileRef = 7E996DF41D5C5363002A1875 /* ViewController.m */; };
		7E996DF81D5C5363002A1875 /* Main.storyboard in Resources */ = {isa = PBXBuildFile; fileRef = 7E996DF61D5C5363002A1875 /* Main.storyboard */; };
		7E996DFA1D5C5363002A1875 /* Assets.xcassets in Resources */ = {isa = PBXBuildFile; fileRef = 7E996DF91D5C5363002A1875 /* Assets.xcassets */; };
		7E996DFD1D5C5363002A1875 /* LaunchScreen.storyboard in Resources */ = {isa = PBXBuildFile; fileRef = 7E996DFB1D5C5363002A1875 /* LaunchScreen.storyboard */; };
		7E996E081D5C5363002A1875 /* __________Tests.m in Sources */ = {isa = PBXBuildFile; fileRef = 7E996E071D5C5363002A1875 /* __________Tests.m */; };
		7E996E131D5C5363002A1875 /* __________UITests.m in Sources */ = {isa = PBXBuildFile; fileRef = 7E996E121D5C5363002A1875 /* __________UITests.m */; };
		7E996E231D5C5468002A1875 /* RedView.m in Sources */ = {isa = PBXBuildFile; fileRef = 7E996E221D5C5468002A1875 /* RedView.m */; };
		7E996E261D5C5477002A1875 /* BlueView.m in Sources */ = {isa = PBXBuildFile; fileRef = 7E996E251D5C5477002A1875 /* BlueView.m */; };
		7E996E291D5C5486002A1875 /* BGView.m in Sources */ = {isa = PBXBuildFile; fileRef = 7E996E281D5C5486002A1875 /* BGView.m */; };
		7E996E2C1D5C54A3002A1875 /* BaseView.m in Sources */ = {isa = PBXBuildFile; fileRef = 7E996E2B1D5C54A3002A1875 /* BaseView.m */; };
		7E996E2F1D5C55EC002A1875 /* LightBlueView.m in Sources */ = {isa = PBXBuildFile; fileRef = 7E996E2E1D5C55EC002A1875 /* LightBlueView.m */; };
/* End PBXBuildFile section */

/* Begin PBXContainerItemProxy section */
		7E996E041D5C5363002A1875 /* PBXContainerItemProxy */ = {
			isa = PBXContainerItemProxy;
			containerPortal = 7E996DE21D5C5363002A1875 /* Project object */;
			proxyType = 1;
			remoteGlobalIDString = 7E996DE91D5C5363002A1875;
			remoteInfo = "3-事件的产生和传递";
		};
		7E996E0F1D5C5363002A1875 /* PBXContainerItemProxy */ = {
			isa = PBXContainerItemProxy;
			containerPortal = 7E996DE21D5C5363002A1875 /* Project object */;
			proxyType = 1;
			remoteGlobalIDString = 7E996DE91D5C5363002A1875;
			remoteInfo = "3-事件的产生和传递";
		};
/* End PBXContainerItemProxy section */

/* Begin PBXFileReference section */
		7E996DEA1D5C5363002A1875 /* 3-事件的产生和传递.app */ = {isa = PBXFileReference; explicitFileType = wrapper.application; includeInIndex = 0; path = "3-事件的产生和传递.app"; sourceTree = BUILT_PRODUCTS_DIR; };
		7E996DEE1D5C5363002A1875 /* main.m */ = {isa = PBXFileReference; lastKnownFileType = sourcecode.c.objc; path = main.m; sourceTree = "<group>"; };
		7E996DF01D5C5363002A1875 /* AppDelegate.h */ = {isa = PBXFileReference; lastKnownFileType = sourcecode.c.h; path = AppDelegate.h; sourceTree = "<group>"; };
		7E996DF11D5C5363002A1875 /* AppDelegate.m */ = {isa = PBXFileReference; lastKnownFileType = sourcecode.c.objc; path = AppDelegate.m; sourceTree = "<group>"; };
		7E996DF31D5C5363002A1875 /* ViewController.h */ = {isa = PBXFileReference; lastKnownFileType = sourcecode.c.h; path = ViewController.h; sourceTree = "<group>"; };
		7E996DF41D5C5363002A1875 /* ViewController.m */ = {isa = PBXFileReference; lastKnownFileType = sourcecode.c.objc; path = ViewController.m; sourceTree = "<group>"; };
		7E996DF71D5C5363002A1875 /* Base */ = {isa = PBXFileReference; lastKnownFileType = file.storyboard; name = Base; path = Base.lproj/Main.storyboard; sourceTree = "<group>"; };
		7E996DF91D5C5363002A1875 /* Assets.xcassets */ = {isa = PBXFileReference; lastKnownFileType = folder.assetcatalog; path = Assets.xcassets; sourceTree = "<group>"; };
		7E996DFC1D5C5363002A1875 /* Base */ = {isa = PBXFileReference; lastKnownFileType = file.storyboard; name = Base; path = Base.lproj/LaunchScreen.storyboard; sourceTree = "<group>"; };
		7E996DFE1D5C5363002A1875 /* Info.plist */ = {isa = PBXFileReference; lastKnownFileType = text.plist.xml; path = Info.plist; sourceTree = "<group>"; };
		7E996E031D5C5363002A1875 /* 3-事件的产生和传递Tests.xctest */ = {isa = PBXFileReference; explicitFileType = wrapper.cfbundle; includeInIndex = 0; path = "3-事件的产生和传递Tests.xctest"; sourceTree = BUILT_PRODUCTS_DIR; };
		7E996E071D5C5363002A1875 /* __________Tests.m */ = {isa = PBXFileReference; lastKnownFileType = sourcecode.c.objc; path = "__________Tests.m"; sourceTree = "<group>"; };
		7E996E091D5C5363002A1875 /* Info.plist */ = {isa = PBXFileReference; lastKnownFileType = text.plist.xml; path = Info.plist; sourceTree = "<group>"; };
		7E996E0E1D5C5363002A1875 /* 3-事件的产生和传递UITests.xctest */ = {isa = PBXFileReference; explicitFileType = wrapper.cfbundle; includeInIndex = 0; path = "3-事件的产生和传递UITests.xctest"; sourceTree = BUILT_PRODUCTS_DIR; };
		7E996E121D5C5363002A1875 /* __________UITests.m */ = {isa = PBXFileReference; lastKnownFileType = sourcecode.c.objc; path = "__________UITests.m"; sourceTree = "<group>"; };
		7E996E141D5C5363002A1875 /* Info.plist */ = {isa = PBXFileReference; lastKnownFileType = text.plist.xml; path = Info.plist; sourceTree = "<group>"; };
		7E996E211D5C5468002A1875 /* RedView.h */ = {isa = PBXFileReference; fileEncoding = 4; lastKnownFileType = sourcecode.c.h; path = RedView.h; sourceTree = "<group>"; };
		7E996E221D5C5468002A1875 /* RedView.m */ = {isa = PBXFileReference; fileEncoding = 4; lastKnownFileType = sourcecode.c.objc; path = RedView.m; sourceTree = "<group>"; };
		7E996E241D5C5477002A1875 /* BlueView.h */ = {isa = PBXFileReference; fileEncoding = 4; lastKnownFileType = sourcecode.c.h; path = BlueView.h; sourceTree = "<group>"; };
		7E996E251D5C5477002A1875 /* BlueView.m */ = {isa = PBXFileReference; fileEncoding = 4; lastKnownFileType = sourcecode.c.objc; path = BlueView.m; sourceTree = "<group>"; };
		7E996E271D5C5486002A1875 /* BGView.h */ = {isa = PBXFileReference; fileEncoding = 4; lastKnownFileType = sourcecode.c.h; path = BGView.h; sourceTree = "<group>"; };
		7E996E281D5C5486002A1875 /* BGView.m */ = {isa = PBXFileReference; fileEncoding = 4; lastKnownFileType = sourcecode.c.objc; path = BGView.m; sourceTree = "<group>"; };
		7E996E2A1D5C54A3002A1875 /* BaseView.h */ = {isa = PBXFileReference; fileEncoding = 4; lastKnownFileType = sourcecode.c.h; path = BaseView.h; sourceTree = "<group>"; };
		7E996E2B1D5C54A3002A1875 /* BaseView.m */ = {isa = PBXFileReference; fileEncoding = 4; lastKnownFileType = sourcecode.c.objc; path = BaseView.m; sourceTree = "<group>"; };
		7E996E2D1D5C55EC002A1875 /* LightBlueView.h */ = {isa = PBXFileReference; fileEncoding = 4; lastKnownFileType = sourcecode.c.h; path = LightBlueView.h; sourceTree = "<group>"; };
		7E996E2E1D5C55EC002A1875 /* LightBlueView.m */ = {isa = PBXFileReference; fileEncoding = 4; lastKnownFileType = sourcecode.c.objc; path = LightBlueView.m; sourceTree = "<group>"; };
/* End PBXFileReference section */

/* Begin PBXFrameworksBuildPhase section */
		7E996DE71D5C5363002A1875 /* Frameworks */ = {
			isa = PBXFrameworksBuildPhase;
			buildActionMask = 2147483647;
			files = (
			);
			runOnlyForDeploymentPostprocessing = 0;
		};
		7E996E001D5C5363002A1875 /* Frameworks */ = {
			isa = PBXFrameworksBuildPhase;
			buildActionMask = 2147483647;
			files = (
			);
			runOnlyForDeploymentPostprocessing = 0;
		};
		7E996E0B1D5C5363002A1875 /* Frameworks */ = {
			isa = PBXFrameworksBuildPhase;
			buildActionMask = 2147483647;
			files = (
			);
			runOnlyForDeploymentPostprocessing = 0;
		};
/* End PBXFrameworksBuildPhase section */

/* Begin PBXGroup section */
		7E996DE11D5C5363002A1875 = {
			isa = PBXGroup;
			children = (
				7E996DEC1D5C5363002A1875 /* 3-事件的产生和传递 */,
				7E996E061D5C5363002A1875 /* 3-事件的产生和传递Tests */,
				7E996E111D5C5363002A1875 /* 3-事件的产生和传递UITests */,
				7E996DEB1D5C5363002A1875 /* Products */,
			);
			sourceTree = "<group>";
		};
		7E996DEB1D5C5363002A1875 /* Products */ = {
			isa = PBXGroup;
			children = (
				7E996DEA1D5C5363002A1875 /* 3-事件的产生和传递.app */,
				7E996E031D5C5363002A1875 /* 3-事件的产生和传递Tests.xctest */,
				7E996E0E1D5C5363002A1875 /* 3-事件的产生和传递UITests.xctest */,
			);
			name = Products;
			sourceTree = "<group>";
		};
		7E996DEC1D5C5363002A1875 /* 3-事件的产生和传递 */ = {
			isa = PBXGroup;
			children = (
				7E996DF01D5C5363002A1875 /* AppDelegate.h */,
				7E996DF11D5C5363002A1875 /* AppDelegate.m */,
				7E996DF31D5C5363002A1875 /* ViewController.h */,
				7E996DF41D5C5363002A1875 /* ViewController.m */,
				7E996DF61D5C5363002A1875 /* Main.storyboard */,
				7E996DF91D5C5363002A1875 /* Assets.xcassets */,
				7E996DFB1D5C5363002A1875 /* LaunchScreen.storyboard */,
				7E996DFE1D5C5363002A1875 /* Info.plist */,
				7E996DED1D5C5363002A1875 /* Supporting Files */,
				7E996E211D5C5468002A1875 /* RedView.h */,
				7E996E221D5C5468002A1875 /* RedView.m */,
				7E996E241D5C5477002A1875 /* BlueView.h */,
				7E996E251D5C5477002A1875 /* BlueView.m */,
				7E996E271D5C5486002A1875 /* BGView.h */,
				7E996E281D5C5486002A1875 /* BGView.m */,
				7E996E2A1D5C54A3002A1875 /* BaseView.h */,
				7E996E2B1D5C54A3002A1875 /* BaseView.m */,
				7E996E2D1D5C55EC002A1875 /* LightBlueView.h */,
				7E996E2E1D5C55EC002A1875 /* LightBlueView.m */,
			);
			path = "3-事件的产生和传递";
			sourceTree = "<group>";
		};
		7E996DED1D5C5363002A1875 /* Supporting Files */ = {
			isa = PBXGroup;
			children = (
				7E996DEE1D5C5363002A1875 /* main.m */,
			);
			name = "Supporting Files";
			sourceTree = "<group>";
		};
		7E996E061D5C5363002A1875 /* 3-事件的产生和传递Tests */ = {
			isa = PBXGroup;
			children = (
				7E996E071D5C5363002A1875 /* __________Tests.m */,
				7E996E091D5C5363002A1875 /* Info.plist */,
			);
			path = "3-事件的产生和传递Tests";
			sourceTree = "<group>";
		};
		7E996E111D5C5363002A1875 /* 3-事件的产生和传递UITests */ = {
			isa = PBXGroup;
			children = (
				7E996E121D5C5363002A1875 /* __________UITests.m */,
				7E996E141D5C5363002A1875 /* Info.plist */,
			);
			path = "3-事件的产生和传递UITests";
			sourceTree = "<group>";
		};
/* End PBXGroup section */

/* Begin PBXNativeTarget section */
		7E996DE91D5C5363002A1875 /* 3-事件的产生和传递 */ = {
			isa = PBXNativeTarget;
			buildConfigurationList = 7E996E171D5C5363002A1875 /* Build configuration list for PBXNativeTarget "3-事件的产生和传递" */;
			buildPhases = (
				7E996DE61D5C5363002A1875 /* Sources */,
				7E996DE71D5C5363002A1875 /* Frameworks */,
				7E996DE81D5C5363002A1875 /* Resources */,
			);
			buildRules = (
			);
			dependencies = (
			);
			name = "3-事件的产生和传递";
			productName = "3-事件的产生和传递";
			productReference = 7E996DEA1D5C5363002A1875 /* 3-事件的产生和传递.app */;
			productType = "com.apple.product-type.application";
		};
		7E996E021D5C5363002A1875 /* 3-事件的产生和传递Tests */ = {
			isa = PBXNativeTarget;
			buildConfigurationList = 7E996E1A1D5C5363002A1875 /* Build configuration list for PBXNativeTarget "3-事件的产生和传递Tests" */;
			buildPhases = (
				7E996DFF1D5C5363002A1875 /* Sources */,
				7E996E001D5C5363002A1875 /* Frameworks */,
				7E996E011D5C5363002A1875 /* Resources */,
			);
			buildRules = (
			);
			dependencies = (
				7E996E051D5C5363002A1875 /* PBXTargetDependency */,
			);
			name = "3-事件的产生和传递Tests";
			productName = "3-事件的产生和传递Tests";
			productReference = 7E996E031D5C5363002A1875 /* 3-事件的产生和传递Tests.xctest */;
			productType = "com.apple.product-type.bundle.unit-test";
		};
		7E996E0D1D5C5363002A1875 /* 3-事件的产生和传递UITests */ = {
			isa = PBXNativeTarget;
			buildConfigurationList = 7E996E1D1D5C5363002A1875 /* Build configuration list for PBXNativeTarget "3-事件的产生和传递UITests" */;
			buildPhases = (
				7E996E0A1D5C5363002A1875 /* Sources */,
				7E996E0B1D5C5363002A1875 /* Frameworks */,
				7E996E0C1D5C5363002A1875 /* Resources */,
			);
			buildRules = (
			);
			dependencies = (
				7E996E101D5C5363002A1875 /* PBXTargetDependency */,
			);
			name = "3-事件的产生和传递UITests";
			productName = "3-事件的产生和传递UITests";
			productReference = 7E996E0E1D5C5363002A1875 /* 3-事件的产生和传递UITests.xctest */;
			productType = "com.apple.product-type.bundle.ui-testing";
		};
/* End PBXNativeTarget section */

/* Begin PBXProject section */
		7E996DE21D5C5363002A1875 /* Project object */ = {
			isa = PBXProject;
			attributes = {
				LastUpgradeCheck = 0730;
				ORGANIZATIONNAME = SDD;
				TargetAttributes = {
					7E996DE91D5C5363002A1875 = {
						CreatedOnToolsVersion = 7.3.1;
					};
					7E996E021D5C5363002A1875 = {
						CreatedOnToolsVersion = 7.3.1;
						TestTargetID = 7E996DE91D5C5363002A1875;
					};
					7E996E0D1D5C5363002A1875 = {
						CreatedOnToolsVersion = 7.3.1;
						TestTargetID = 7E996DE91D5C5363002A1875;
					};
				};
			};
			buildConfigurationList = 7E996DE51D5C5363002A1875 /* Build configuration list for PBXProject "3-事件的产生和传递" */;
			compatibilityVersion = "Xcode 3.2";
			developmentRegion = English;
			hasScannedForEncodings = 0;
			knownRegions = (
				en,
				Base,
			);
			mainGroup = 7E996DE11D5C5363002A1875;
			productRefGroup = 7E996DEB1D5C5363002A1875 /* Products */;
			projectDirPath = "";
			projectRoot = "";
			targets = (
				7E996DE91D5C5363002A1875 /* 3-事件的产生和传递 */,
				7E996E021D5C5363002A1875 /* 3-事件的产生和传递Tests */,
				7E996E0D1D5C5363002A1875 /* 3-事件的产生和传递UITests */,
			);
		};
/* End PBXProject section */

/* Begin PBXResourcesBuildPhase section */
		7E996DE81D5C5363002A1875 /* Resources */ = {
			isa = PBXResourcesBuildPhase;
			buildActionMask = 2147483647;
			files = (
				7E996DFD1D5C5363002A1875 /* LaunchScreen.storyboard in Resources */,
				7E996DFA1D5C5363002A1875 /* Assets.xcassets in Resources */,
				7E996DF81D5C5363002A1875 /* Main.storyboard in Resources */,
			);
			runOnlyForDeploymentPostprocessing = 0;
		};
		7E996E011D5C5363002A1875 /* Resources */ = {
			isa = PBXResourcesBuildPhase;
			buildActionMask = 2147483647;
			files = (
			);
			runOnlyForDeploymentPostprocessing = 0;
		};
		7E996E0C1D5C5363002A1875 /* Resources */ = {
			isa = PBXResourcesBuildPhase;
			buildActionMask = 2147483647;
			files = (
			);
			runOnlyForDeploymentPostprocessing = 0;
		};
/* End PBXResourcesBuildPhase section */

/* Begin PBXSourcesBuildPhase section */
		7E996DE61D5C5363002A1875 /* Sources */ = {
			isa = PBXSourcesBuildPhase;
			buildActionMask = 2147483647;
			files = (
				7E996DF51D5C5363002A1875 /* ViewController.m in Sources */,
				7E996DF21D5C5363002A1875 /* AppDelegate.m in Sources */,
				7E996E2C1D5C54A3002A1875 /* BaseView.m in Sources */,
				7E996E261D5C5477002A1875 /* BlueView.m in Sources */,
				7E996E231D5C5468002A1875 /* RedView.m in Sources */,
				7E996E2F1D5C55EC002A1875 /* LightBlueView.m in Sources */,
				7E996DEF1D5C5363002A1875 /* main.m in Sources */,
				7E996E291D5C5486002A1875 /* BGView.m in Sources */,
			);
			runOnlyForDeploymentPostprocessing = 0;
		};
		7E996DFF1D5C5363002A1875 /* Sources */ = {
			isa = PBXSourcesBuildPhase;
			buildActionMask = 2147483647;
			files = (
				7E996E081D5C5363002A1875 /* __________Tests.m in Sources */,
			);
			runOnlyForDeploymentPostprocessing = 0;
		};
		7E996E0A1D5C5363002A1875 /* Sources */ = {
			isa = PBXSourcesBuildPhase;
			buildActionMask = 2147483647;
			files = (
				7E996E131D5C5363002A1875 /* __________UITests.m in Sources */,
			);
			runOnlyForDeploymentPostprocessing = 0;
		};
/* End PBXSourcesBuildPhase section */

/* Begin PBXTargetDependency section */
		7E996E051D5C5363002A1875 /* PBXTargetDependency */ = {
			isa = PBXTargetDependency;
			target = 7E996DE91D5C5363002A1875 /* 3-事件的产生和传递 */;
			targetProxy = 7E996E041D5C5363002A1875 /* PBXContainerItemProxy */;
		};
		7E996E101D5C5363002A1875 /* PBXTargetDependency */ = {
			isa = PBXTargetDependency;
			target = 7E996DE91D5C5363002A1875 /* 3-事件的产生和传递 */;
			targetProxy = 7E996E0F1D5C5363002A1875 /* PBXContainerItemProxy */;
		};
/* End PBXTargetDependency section */

/* Begin PBXVariantGroup section */
		7E996DF61D5C5363002A1875 /* Main.storyboard */ = {
			isa = PBXVariantGroup;
			children = (
				7E996DF71D5C5363002A1875 /* Base */,
			);
			name = Main.storyboard;
			sourceTree = "<group>";
		};
		7E996DFB1D5C5363002A1875 /* LaunchScreen.storyboard */ = {
			isa = PBXVariantGroup;
			children = (
				7E996DFC1D5C5363002A1875 /* Base */,
			);
			name = LaunchScreen.storyboard;
			sourceTree = "<group>";
		};
/* End PBXVariantGroup section */

/* Begin XCBuildConfiguration section */
		7E996E151D5C5363002A1875 /* Debug */ = {
			isa = XCBuildConfiguration;
			buildSettings = {
				ALWAYS_SEARCH_USER_PATHS = NO;
				CLANG_ANALYZER_NONNULL = YES;
				CLANG_CXX_LANGUAGE_STANDARD = "gnu++0x";
				CLANG_CXX_LIBRARY = "libc++";
				CLANG_ENABLE_MODULES = YES;
				CLANG_ENABLE_OBJC_ARC = YES;
				CLANG_WARN_BOOL_CONVERSION = YES;
				CLANG_WARN_CONSTANT_CONVERSION = YES;
				CLANG_WARN_DIRECT_OBJC_ISA_USAGE = YES_ERROR;
				CLANG_WARN_EMPTY_BODY = YES;
				CLANG_WARN_ENUM_CONVERSION = YES;
				CLANG_WARN_INT_CONVERSION = YES;
				CLANG_WARN_OBJC_ROOT_CLASS = YES_ERROR;
				CLANG_WARN_UNREACHABLE_CODE = YES;
				CLANG_WARN__DUPLICATE_METHOD_MATCH = YES;
				"CODE_SIGN_IDENTITY[sdk=iphoneos*]" = "iPhone Developer";
				COPY_PHASE_STRIP = NO;
				DEBUG_INFORMATION_FORMAT = dwarf;
				ENABLE_STRICT_OBJC_MSGSEND = YES;
				ENABLE_TESTABILITY = YES;
				GCC_C_LANGUAGE_STANDARD = gnu99;
				GCC_DYNAMIC_NO_PIC = NO;
				GCC_NO_COMMON_BLOCKS = YES;
				GCC_OPTIMIZATION_LEVEL = 0;
				GCC_PREPROCESSOR_DEFINITIONS = (
					"DEBUG=1",
					"$(inherited)",
				);
				GCC_WARN_64_TO_32_BIT_CONVERSION = YES;
				GCC_WARN_ABOUT_RETURN_TYPE = YES_ERROR;
				GCC_WARN_UNDECLARED_SELECTOR = YES;
				GCC_WARN_UNINITIALIZED_AUTOS = YES_AGGRESSIVE;
				GCC_WARN_UNUSED_FUNCTION = YES;
				GCC_WARN_UNUSED_VARIABLE = YES;
				IPHONEOS_DEPLOYMENT_TARGET = 9.3;
				MTL_ENABLE_DEBUG_INFO = YES;
				ONLY_ACTIVE_ARCH = YES;
				SDKROOT = iphoneos;
			};
			name = Debug;
		};
		7E996E161D5C5363002A1875 /* Release */ = {
			isa = XCBuildConfiguration;
			buildSettings = {
				ALWAYS_SEARCH_USER_PATHS = NO;
				CLANG_ANALYZER_NONNULL = YES;
				CLANG_CXX_LANGUAGE_STANDARD = "gnu++0x";
				CLANG_CXX_LIBRARY = "libc++";
				CLANG_ENABLE_MODULES = YES;
				CLANG_ENABLE_OBJC_ARC = YES;
				CLANG_WARN_BOOL_CONVERSION = YES;
				CLANG_WARN_CONSTANT_CONVERSION = YES;
				CLANG_WARN_DIRECT_OBJC_ISA_USAGE = YES_ERROR;
				CLANG_WARN_EMPTY_BODY = YES;
				CLANG_WARN_ENUM_CONVERSION = YES;
				CLANG_WARN_INT_CONVERSION = YES;
				CLANG_WARN_OBJC_ROOT_CLASS = YES_ERROR;
				CLANG_WARN_UNREACHABLE_CODE = YES;
				CLANG_WARN__DUPLICATE_METHOD_MATCH = YES;
				"CODE_SIGN_IDENTITY[sdk=iphoneos*]" = "iPhone Developer";
				COPY_PHASE_STRIP = NO;
				DEBUG_INFORMATION_FORMAT = "dwarf-with-dsym";
				ENABLE_NS_ASSERTIONS = NO;
				ENABLE_STRICT_OBJC_MSGSEND = YES;
				GCC_C_LANGUAGE_STANDARD = gnu99;
				GCC_NO_COMMON_BLOCKS = YES;
				GCC_WARN_64_TO_32_BIT_CONVERSION = YES;
				GCC_WARN_ABOUT_RETURN_TYPE = YES_ERROR;
				GCC_WARN_UNDECLARED_SELECTOR = YES;
				GCC_WARN_UNINITIALIZED_AUTOS = YES_AGGRESSIVE;
				GCC_WARN_UNUSED_FUNCTION = YES;
				GCC_WARN_UNUSED_VARIABLE = YES;
				IPHONEOS_DEPLOYMENT_TARGET = 9.3;
				MTL_ENABLE_DEBUG_INFO = NO;
				SDKROOT = iphoneos;
				VALIDATE_PRODUCT = YES;
			};
			name = Release;
		};
		7E996E181D5C5363002A1875 /* Debug */ = {
			isa = XCBuildConfiguration;
			buildSettings = {
				ASSETCATALOG_COMPILER_APPICON_NAME = AppIcon;
				INFOPLIST_FILE = "3-事件的产生和传递/Info.plist";
				LD_RUNPATH_SEARCH_PATHS = "$(inherited) @executable_path/Frameworks";
				PRODUCT_BUNDLE_IDENTIFIER = "cn.sdd.----------";
				PRODUCT_NAME = "$(TARGET_NAME)";
			};
			name = Debug;
		};
		7E996E191D5C5363002A1875 /* Release */ = {
			isa = XCBuildConfiguration;
			buildSettings = {
				ASSETCATALOG_COMPILER_APPICON_NAME = AppIcon;
				INFOPLIST_FILE = "3-事件的产生和传递/Info.plist";
				LD_RUNPATH_SEARCH_PATHS = "$(inherited) @executable_path/Frameworks";
				PRODUCT_BUNDLE_IDENTIFIER = "cn.sdd.----------";
				PRODUCT_NAME = "$(TARGET_NAME)";
			};
			name = Release;
		};
		7E996E1B1D5C5363002A1875 /* Debug */ = {
			isa = XCBuildConfiguration;
			buildSettings = {
				BUNDLE_LOADER = "$(TEST_HOST)";
				INFOPLIST_FILE = "3-事件的产生和传递Tests/Info.plist";
				LD_RUNPATH_SEARCH_PATHS = "$(inherited) @executable_path/Frameworks @loader_path/Frameworks";
				PRODUCT_BUNDLE_IDENTIFIER = "cn.sdd.----------Tests";
				PRODUCT_NAME = "$(TARGET_NAME)";
				TEST_HOST = "$(BUILT_PRODUCTS_DIR)/3-事件的产生和传递.app/3-事件的产生和传递";
			};
			name = Debug;
		};
		7E996E1C1D5C5363002A1875 /* Release */ = {
			isa = XCBuildConfiguration;
			buildSettings = {
				BUNDLE_LOADER = "$(TEST_HOST)";
				INFOPLIST_FILE = "3-事件的产生和传递Tests/Info.plist";
				LD_RUNPATH_SEARCH_PATHS = "$(inherited) @executable_path/Frameworks @loader_path/Frameworks";
				PRODUCT_BUNDLE_IDENTIFIER = "cn.sdd.----------Tests";
				PRODUCT_NAME = "$(TARGET_NAME)";
				TEST_HOST = "$(BUILT_PRODUCTS_DIR)/3-事件的产生和传递.app/3-事件的产生和传递";
			};
			name = Release;
		};
		7E996E1E1D5C5363002A1875 /* Debug */ = {
			isa = XCBuildConfiguration;
			buildSettings = {
				INFOPLIST_FILE = "3-事件的产生和传递UITests/Info.plist";
				LD_RUNPATH_SEARCH_PATHS = "$(inherited) @executable_path/Frameworks @loader_path/Frameworks";
				PRODUCT_BUNDLE_IDENTIFIER = "cn.sdd.----------UITests";
				PRODUCT_NAME = "$(TARGET_NAME)";
				TEST_TARGET_NAME = "3-事件的产生和传递";
			};
			name = Debug;
		};
		7E996E1F1D5C5363002A1875 /* Release */ = {
			isa = XCBuildConfiguration;
			buildSettings = {
				INFOPLIST_FILE = "3-事件的产生和传递UITests/Info.plist";
				LD_RUNPATH_SEARCH_PATHS = "$(inherited) @executable_path/Frameworks @loader_path/Frameworks";
				PRODUCT_BUNDLE_IDENTIFIER = "cn.sdd.----------UITests";
				PRODUCT_NAME = "$(TARGET_NAME)";
				TEST_TARGET_NAME = "3-事件的产生和传递";
			};
			name = Release;
		};
/* End XCBuildConfiguration section */

/* Begin XCConfigurationList section */
		7E996DE51D5C5363002A1875 /* Build configuration list for PBXProject "3-事件的产生和传递" */ = {
			isa = XCConfigurationList;
			buildConfigurations = (
				7E996E151D5C5363002A1875 /* Debug */,
				7E996E161D5C5363002A1875 /* Release */,
			);
			defaultConfigurationIsVisible = 0;
			defaultConfigurationName = Release;
		};
		7E996E171D5C5363002A1875 /* Build configuration list for PBXNativeTarget "3-事件的产生和传递" */ = {
			isa = XCConfigurationList;
			buildConfigurations = (
				7E996E181D5C5363002A1875 /* Debug */,
				7E996E191D5C5363002A1875 /* Release */,
			);
			defaultConfigurationIsVisible = 0;
		};
		7E996E1A1D5C5363002A1875 /* Build configuration list for PBXNativeTarget "3-事件的产生和传递Tests" */ = {
			isa = XCConfigurationList;
			buildConfigurations = (
				7E996E1B1D5C5363002A1875 /* Debug */,
				7E996E1C1D5C5363002A1875 /* Release */,
			);
			defaultConfigurationIsVisible = 0;
		};
		7E996E1D1D5C5363002A1875 /* Build configuration list for PBXNativeTarget "3-事件的产生和传递UITests" */ = {
			isa = XCConfigurationList;
			buildConfigurations = (
				7E996E1E1D5C5363002A1875 /* Debug */,
				7E996E1F1D5C5363002A1875 /* Release */,
			);
			defaultConfigurationIsVisible = 0;
		};
/* End XCConfigurationList section */
	};
	rootObject = 7E996DE21D5C5363002A1875 /* Project object */;
}
